
Microsoft Visual Studio Solution File, Format Version 12.00
# Visual Studio Version 17
VisualStudioVersion = 17.6.33829.357
MinimumVisualStudioVersion = 10.0.40219.1
Project("{54435603-DBB4-11D2-8724-00A0C9A8B90C}") = "Setup Automatic Messaging Service", "Setup Automatic Messaging Service.vdproj", "{417A8936-1119-43F2-9C78-EF66D1BCA1BB}"
EndProject
Project("{FAE04EC0-301F-11D3-BF4B-00C04F79EFBC}") = "AutomaticMessaging", "..\AutomaticMessaging (Serv) - Twilio\AutomaticMessaging.csproj", "{A1D252A5-CEAC-48BA-BF6C-76C0B3EA6722}"
EndProject
Global
	GlobalSection(SolutionConfigurationPlatforms) = preSolution
		Debug|Any CPU = Debug|Any CPU
		Release|Any CPU = Release|Any CPU
	EndGlobalSection
	GlobalSection(ProjectConfigurationPlatforms) = postSolution
		{417A8936-1119-43F2-9C78-EF66D1BCA1BB}.Debug|Any CPU.ActiveCfg = Debug
		{417A8936-1119-43F2-9C78-EF66D1BCA1BB}.Debug|Any CPU.Build.0 = Debug
		{417A8936-1119-43F2-9C78-EF66D1BCA1BB}.Release|Any CPU.ActiveCfg = Release
		{417A8936-1119-43F2-9C78-EF66D1BCA1BB}.Release|Any CPU.Build.0 = Release
		{A1D252A5-CEAC-48BA-BF6C-76C0B3EA6722}.Debug|Any CPU.ActiveCfg = Debug|Any CPU
		{A1D252A5-CEAC-48BA-BF6C-76C0B3EA6722}.Debug|Any CPU.Build.0 = Debug|Any CPU
		{A1D252A5-CEAC-48BA-BF6C-76C0B3EA6722}.Release|Any CPU.ActiveCfg = Release|Any CPU
		{A1D252A5-CEAC-48BA-BF6C-76C0B3EA6722}.Release|Any CPU.Build.0 = Release|Any CPU
	EndGlobalSection
	GlobalSection(SolutionProperties) = preSolution
		HideSolutionNode = FALSE
	EndGlobalSection
	GlobalSection(ExtensibilityGlobals) = postSolution
		SolutionGuid = {313B4527-2163-4719-A65E-F7E5FE20AD03}
	EndGlobalSection
EndGlobal
